// !$*UTF8*$!
{
	archiveVersion = 1;
	classes = {
	};
	objectVersion = 46;
	objects = {

/* Begin PBXBuildFile section */
		71A9872C9AE040CA8F744608 /* libPods.a in Frameworks */ = {isa = PBXBuildFile; fileRef = 5BA32D63AAAE4BFC886211ED /* libPods.a */; };
		77019D4316A246C600DC5B7C /* File.m in Sources */ = {isa = PBXBuildFile; fileRef = 77019D4216A246C600DC5B7C /* File.m */; };
		77019D4616A248B000DC5B7C /* Video.m in Sources */ = {isa = PBXBuildFile; fileRef = 77019D4516A248B000DC5B7C /* Video.m */; };
		770205261683BD5F00FC828F /* Localizable.strings in Resources */ = {isa = PBXBuildFile; fileRef = 770205231683BD5F00FC828F /* Localizable.strings */; };
		770F49A2167D4A41008CADCD /* PIOShowFilenameMatcher.m in Sources */ = {isa = PBXBuildFile; fileRef = 770F49A1167D4A41008CADCD /* PIOShowFilenameMatcher.m */; };
		770F49A5167D52BA008CADCD /* PIOShowFilenameMatcherTests.m in Sources */ = {isa = PBXBuildFile; fileRef = 770F49A4167D52BA008CADCD /* PIOShowFilenameMatcherTests.m */; };
		770F49A6167D5435008CADCD /* PIOShowFilenameMatcher.m in Sources */ = {isa = PBXBuildFile; fileRef = 770F49A1167D4A41008CADCD /* PIOShowFilenameMatcher.m */; };
		771CF181167DDA9800AF348C /* Show+PIOExtension.m in Sources */ = {isa = PBXBuildFile; fileRef = 771CF180167DDA9800AF348C /* Show+PIOExtension.m */; };
		771CF184167DDBA900AF348C /* Episode+PIOExtensions.m in Sources */ = {isa = PBXBuildFile; fileRef = 771CF183167DDBA900AF348C /* Episode+PIOExtensions.m */; };
		771CF187167DDE0300AF348C /* PIOEpisodeListViewController.m in Sources */ = {isa = PBXBuildFile; fileRef = 771CF186167DDE0300AF348C /* PIOEpisodeListViewController.m */; };
		771CF189167DE19300AF348C /* MediaPlayer.framework in Frameworks */ = {isa = PBXBuildFile; fileRef = 771CF188167DE19300AF348C /* MediaPlayer.framework */; };
		7764B5991735EDF300A924D3 /* new_banner.png in Resources */ = {isa = PBXBuildFile; fileRef = 7764B5971735EDF300A924D3 /* new_banner.png */; };
		7764B59A1735EDF300A924D3 /* new_banner@2x.png in Resources */ = {isa = PBXBuildFile; fileRef = 7764B5981735EDF300A924D3 /* new_banner@2x.png */; };
		7776BE1E1682747600A5769F /* PIOMediaCell.m in Sources */ = {isa = PBXBuildFile; fileRef = 7776BE1D1682747600A5769F /* PIOMediaCell.m */; };
		7776BE201682748B00A5769F /* PIOMediaCell.xib in Resources */ = {isa = PBXBuildFile; fileRef = 7776BE1F1682748B00A5769F /* PIOMediaCell.xib */; };
		7795B406167DD82300AFF76C /* PIOMediaListViewController.m in Sources */ = {isa = PBXBuildFile; fileRef = 7795B405167DD82300AFF76C /* PIOMediaListViewController.m */; };
		77A73EB1167E3A4800FA7680 /* PIOTheTVDBAPIClient.m in Sources */ = {isa = PBXBuildFile; fileRef = 77A73EB0167E3A4800FA7680 /* PIOTheTVDBAPIClient.m */; };
		77A73EC4167FA72E00FA7680 /* PIOFileManager.m in Sources */ = {isa = PBXBuildFile; fileRef = 77A73EC3167FA72E00FA7680 /* PIOFileManager.m */; };
		77A80B4F166988C3003CD050 /* UIKit.framework in Frameworks */ = {isa = PBXBuildFile; fileRef = 77A80B4E166988C3003CD050 /* UIKit.framework */; };
		77A80B51166988C3003CD050 /* Foundation.framework in Frameworks */ = {isa = PBXBuildFile; fileRef = 77A80B50166988C3003CD050 /* Foundation.framework */; };
		77A80B53166988C3003CD050 /* CoreGraphics.framework in Frameworks */ = {isa = PBXBuildFile; fileRef = 77A80B52166988C3003CD050 /* CoreGraphics.framework */; };
		77A80B59166988C3003CD050 /* InfoPlist.strings in Resources */ = {isa = PBXBuildFile; fileRef = 77A80B57166988C3003CD050 /* InfoPlist.strings */; };
		77A80B5B166988C3003CD050 /* main.m in Sources */ = {isa = PBXBuildFile; fileRef = 77A80B5A166988C3003CD050 /* main.m */; };
		77A80B5F166988C3003CD050 /* PIOAppDelegate.m in Sources */ = {isa = PBXBuildFile; fileRef = 77A80B5E166988C3003CD050 /* PIOAppDelegate.m */; };
		77A80B61166988C3003CD050 /* Default.png in Resources */ = {isa = PBXBuildFile; fileRef = 77A80B60166988C3003CD050 /* Default.png */; };
		77A80B63166988C3003CD050 /* Default@2x.png in Resources */ = {isa = PBXBuildFile; fileRef = 77A80B62166988C3003CD050 /* Default@2x.png */; };
		77A80B65166988C3003CD050 /* Default-568h@2x.png in Resources */ = {isa = PBXBuildFile; fileRef = 77A80B64166988C3003CD050 /* Default-568h@2x.png */; };
		77A80B6D166988C3003CD050 /* SenTestingKit.framework in Frameworks */ = {isa = PBXBuildFile; fileRef = 77A80B6C166988C3003CD050 /* SenTestingKit.framework */; };
		77A80B6E166988C3003CD050 /* UIKit.framework in Frameworks */ = {isa = PBXBuildFile; fileRef = 77A80B4E166988C3003CD050 /* UIKit.framework */; };
		77A80B6F166988C3003CD050 /* Foundation.framework in Frameworks */ = {isa = PBXBuildFile; fileRef = 77A80B50166988C3003CD050 /* Foundation.framework */; };
		77A80B77166988C3003CD050 /* InfoPlist.strings in Resources */ = {isa = PBXBuildFile; fileRef = 77A80B75166988C3003CD050 /* InfoPlist.strings */; };
		77A80B7A166988C3003CD050 /* pull_ioTests.m in Sources */ = {isa = PBXBuildFile; fileRef = 77A80B79166988C3003CD050 /* pull_ioTests.m */; };
		77A80B9A166A2625003CD050 /* PIOPutIOAPI2Client.m in Sources */ = {isa = PBXBuildFile; fileRef = 77A80B99166A2625003CD050 /* PIOPutIOAPI2Client.m */; };
		77A80BAC166C1D8E003CD050 /* PIOModel.xcdatamodeld in Sources */ = {isa = PBXBuildFile; fileRef = 77A80BAA166C1D8E003CD050 /* PIOModel.xcdatamodeld */; };
		77A8607116A0BE84007185E9 /* PIOMediaCell~ipad.xib in Resources */ = {isa = PBXBuildFile; fileRef = 77A8607016A0BE84007185E9 /* PIOMediaCell~ipad.xib */; };
		77A8607616A0C704007185E9 /* case.png in Resources */ = {isa = PBXBuildFile; fileRef = 77A8607216A0C704007185E9 /* case.png */; };
		77A8607716A0C704007185E9 /* case@2x.png in Resources */ = {isa = PBXBuildFile; fileRef = 77A8607316A0C704007185E9 /* case@2x.png */; };
		77A8607816A0C704007185E9 /* case~ipad.png in Resources */ = {isa = PBXBuildFile; fileRef = 77A8607416A0C704007185E9 /* case~ipad.png */; };
		77A8607916A0C704007185E9 /* case~ipad@2x.png in Resources */ = {isa = PBXBuildFile; fileRef = 77A8607516A0C704007185E9 /* case~ipad@2x.png */; };
		77BF8C9B16924C0B0072069D /* NSString+PIOExtensions.m in Sources */ = {isa = PBXBuildFile; fileRef = 77BF8C9A16924C0B0072069D /* NSString+PIOExtensions.m */; };
		77E3A53F171C98CF006323F9 /* AVFoundation.framework in Frameworks */ = {isa = PBXBuildFile; fileRef = 77E3A53E171C98CF006323F9 /* AVFoundation.framework */; };
		77E54AF31691292B000654D5 /* Icon.png in Resources */ = {isa = PBXBuildFile; fileRef = 77E54AEF1691292B000654D5 /* Icon.png */; };
		77E54AF41691292B000654D5 /* Icon@2x.png in Resources */ = {isa = PBXBuildFile; fileRef = 77E54AF01691292B000654D5 /* Icon@2x.png */; };
		77E54AF51691292B000654D5 /* Icon~ipad.png in Resources */ = {isa = PBXBuildFile; fileRef = 77E54AF11691292B000654D5 /* Icon~ipad.png */; };
		77E54AF61691292B000654D5 /* Icon~ipad@2x.png in Resources */ = {isa = PBXBuildFile; fileRef = 77E54AF21691292B000654D5 /* Icon~ipad@2x.png */; };
		77E54B0316912FD3000654D5 /* PIOVideoPlayerViewController.m in Sources */ = {isa = PBXBuildFile; fileRef = 77E54B0216912FD3000654D5 /* PIOVideoPlayerViewController.m */; };
		77E54B0C169134FC000654D5 /* PutIOFile.m in Sources */ = {isa = PBXBuildFile; fileRef = 77E54B0B169134FC000654D5 /* PutIOFile.m */; };
		77E54B12169134FC000654D5 /* Movie.m in Sources */ = {isa = PBXBuildFile; fileRef = 77E54B11169134FC000654D5 /* Movie.m */; };
		77E54B15169134FC000654D5 /* Show.m in Sources */ = {isa = PBXBuildFile; fileRef = 77E54B14169134FC000654D5 /* Show.m */; };
		77E696AD16AB2E53009576BA /* Episode.m in Sources */ = {isa = PBXBuildFile; fileRef = 77E696AC16AB2E53009576BA /* Episode.m */; };
		77FD382B166C1EAA00152690 /* PIOTraktAPIClient.m in Sources */ = {isa = PBXBuildFile; fileRef = 77FD382A166C1EAA00152690 /* PIOTraktAPIClient.m */; };
/* End PBXBuildFile section */

/* Begin PBXContainerItemProxy section */
		77A80B70166988C3003CD050 /* PBXContainerItemProxy */ = {
			isa = PBXContainerItemProxy;
			containerPortal = 77A80B41166988C3003CD050 /* Project object */;
			proxyType = 1;
			remoteGlobalIDString = 77A80B49166988C3003CD050;
			remoteInfo = pull.io;
		};
/* End PBXContainerItemProxy section */

/* Begin PBXFileReference section */
		5BA32D63AAAE4BFC886211ED /* libPods.a */ = {isa = PBXFileReference; explicitFileType = archive.ar; includeInIndex = 0; path = libPods.a; sourceTree = BUILT_PRODUCTS_DIR; };
		77019D4116A246C600DC5B7C /* File.h */ = {isa = PBXFileReference; fileEncoding = 4; lastKnownFileType = sourcecode.c.h; name = File.h; path = Data/NSManagedObject/File.h; sourceTree = "<group>"; };
		77019D4216A246C600DC5B7C /* File.m */ = {isa = PBXFileReference; fileEncoding = 4; lastKnownFileType = sourcecode.c.objc; name = File.m; path = Data/NSManagedObject/File.m; sourceTree = "<group>"; };
		77019D4416A248B000DC5B7C /* Video.h */ = {isa = PBXFileReference; fileEncoding = 4; lastKnownFileType = sourcecode.c.h; name = Video.h; path = Data/NSManagedObject/Video.h; sourceTree = "<group>"; };
		77019D4516A248B000DC5B7C /* Video.m */ = {isa = PBXFileReference; fileEncoding = 4; lastKnownFileType = sourcecode.c.objc; name = Video.m; path = Data/NSManagedObject/Video.m; sourceTree = "<group>"; };
		770205241683BD5F00FC828F /* en */ = {isa = PBXFileReference; lastKnownFileType = text.plist.strings; name = en; path = Localizable.strings; sourceTree = "<group>"; };
		770F49A0167D4A41008CADCD /* PIOShowFilenameMatcher.h */ = {isa = PBXFileReference; fileEncoding = 4; lastKnownFileType = sourcecode.c.h; path = PIOShowFilenameMatcher.h; sourceTree = "<group>"; };
		770F49A1167D4A41008CADCD /* PIOShowFilenameMatcher.m */ = {isa = PBXFileReference; fileEncoding = 4; lastKnownFileType = sourcecode.c.objc; path = PIOShowFilenameMatcher.m; sourceTree = "<group>"; };
		770F49A3167D52BA008CADCD /* PIOShowFilenameMatcherTests.h */ = {isa = PBXFileReference; fileEncoding = 4; lastKnownFileType = sourcecode.c.h; path = PIOShowFilenameMatcherTests.h; sourceTree = "<group>"; };
		770F49A4167D52BA008CADCD /* PIOShowFilenameMatcherTests.m */ = {isa = PBXFileReference; fileEncoding = 4; lastKnownFileType = sourcecode.c.objc; path = PIOShowFilenameMatcherTests.m; sourceTree = "<group>"; };
		771CF17F167DDA9800AF348C /* Show+PIOExtension.h */ = {isa = PBXFileReference; fileEncoding = 4; lastKnownFileType = sourcecode.c.h; name = "Show+PIOExtension.h"; path = "Data/NSManagedObjectExtensions/Show+PIOExtension.h"; sourceTree = "<group>"; };
		771CF180167DDA9800AF348C /* Show+PIOExtension.m */ = {isa = PBXFileReference; fileEncoding = 4; lastKnownFileType = sourcecode.c.objc; name = "Show+PIOExtension.m"; path = "Data/NSManagedObjectExtensions/Show+PIOExtension.m"; sourceTree = "<group>"; };
		771CF182167DDBA900AF348C /* Episode+PIOExtensions.h */ = {isa = PBXFileReference; fileEncoding = 4; lastKnownFileType = sourcecode.c.h; name = "Episode+PIOExtensions.h"; path = "Data/NSManagedObjectExtensions/Episode+PIOExtensions.h"; sourceTree = "<group>"; };
		771CF183167DDBA900AF348C /* Episode+PIOExtensions.m */ = {isa = PBXFileReference; fileEncoding = 4; lastKnownFileType = sourcecode.c.objc; name = "Episode+PIOExtensions.m"; path = "Data/NSManagedObjectExtensions/Episode+PIOExtensions.m"; sourceTree = "<group>"; };
		771CF185167DDE0300AF348C /* PIOEpisodeListViewController.h */ = {isa = PBXFileReference; fileEncoding = 4; lastKnownFileType = sourcecode.c.h; name = PIOEpisodeListViewController.h; path = ViewControllers/PIOEpisodeListViewController.h; sourceTree = "<group>"; };
		771CF186167DDE0300AF348C /* PIOEpisodeListViewController.m */ = {isa = PBXFileReference; fileEncoding = 4; lastKnownFileType = sourcecode.c.objc; name = PIOEpisodeListViewController.m; path = ViewControllers/PIOEpisodeListViewController.m; sourceTree = "<group>"; };
		771CF188167DE19300AF348C /* MediaPlayer.framework */ = {isa = PBXFileReference; lastKnownFileType = wrapper.framework; name = MediaPlayer.framework; path = System/Library/Frameworks/MediaPlayer.framework; sourceTree = SDKROOT; };
		7764B5971735EDF300A924D3 /* new_banner.png */ = {isa = PBXFileReference; lastKnownFileType = image.png; path = new_banner.png; sourceTree = "<group>"; };
		7764B5981735EDF300A924D3 /* new_banner@2x.png */ = {isa = PBXFileReference; lastKnownFileType = image.png; path = "new_banner@2x.png"; sourceTree = "<group>"; };
		7776BE1C1682747600A5769F /* PIOMediaCell.h */ = {isa = PBXFileReference; fileEncoding = 4; lastKnownFileType = sourcecode.c.h; name = PIOMediaCell.h; path = ViewControllers/PIOMediaCell.h; sourceTree = "<group>"; };
		7776BE1D1682747600A5769F /* PIOMediaCell.m */ = {isa = PBXFileReference; fileEncoding = 4; lastKnownFileType = sourcecode.c.objc; name = PIOMediaCell.m; path = ViewControllers/PIOMediaCell.m; sourceTree = "<group>"; };
		7776BE1F1682748B00A5769F /* PIOMediaCell.xib */ = {isa = PBXFileReference; fileEncoding = 4; lastKnownFileType = file.xib; name = PIOMediaCell.xib; path = ViewControllers/PIOMediaCell.xib; sourceTree = "<group>"; };
		7795B404167DD82300AFF76C /* PIOMediaListViewController.h */ = {isa = PBXFileReference; fileEncoding = 4; lastKnownFileType = sourcecode.c.h; name = PIOMediaListViewController.h; path = ViewControllers/PIOMediaListViewController.h; sourceTree = "<group>"; };
		7795B405167DD82300AFF76C /* PIOMediaListViewController.m */ = {isa = PBXFileReference; fileEncoding = 4; lastKnownFileType = sourcecode.c.objc; name = PIOMediaListViewController.m; path = ViewControllers/PIOMediaListViewController.m; sourceTree = "<group>"; };
		77A73EAF167E3A4800FA7680 /* PIOTheTVDBAPIClient.h */ = {isa = PBXFileReference; fileEncoding = 4; lastKnownFileType = sourcecode.c.h; path = PIOTheTVDBAPIClient.h; sourceTree = "<group>"; };
		77A73EB0167E3A4800FA7680 /* PIOTheTVDBAPIClient.m */ = {isa = PBXFileReference; fileEncoding = 4; lastKnownFileType = sourcecode.c.objc; path = PIOTheTVDBAPIClient.m; sourceTree = "<group>"; };
		77A73EC2167FA72E00FA7680 /* PIOFileManager.h */ = {isa = PBXFileReference; fileEncoding = 4; lastKnownFileType = sourcecode.c.h; path = PIOFileManager.h; sourceTree = "<group>"; };
		77A73EC3167FA72E00FA7680 /* PIOFileManager.m */ = {isa = PBXFileReference; fileEncoding = 4; lastKnownFileType = sourcecode.c.objc; path = PIOFileManager.m; sourceTree = "<group>"; };
		77A80B4A166988C3003CD050 /* pull.io.app */ = {isa = PBXFileReference; explicitFileType = wrapper.application; includeInIndex = 0; path = pull.io.app; sourceTree = BUILT_PRODUCTS_DIR; };
		77A80B4E166988C3003CD050 /* UIKit.framework */ = {isa = PBXFileReference; lastKnownFileType = wrapper.framework; name = UIKit.framework; path = System/Library/Frameworks/UIKit.framework; sourceTree = SDKROOT; };
		77A80B50166988C3003CD050 /* Foundation.framework */ = {isa = PBXFileReference; lastKnownFileType = wrapper.framework; name = Foundation.framework; path = System/Library/Frameworks/Foundation.framework; sourceTree = SDKROOT; };
		77A80B52166988C3003CD050 /* CoreGraphics.framework */ = {isa = PBXFileReference; lastKnownFileType = wrapper.framework; name = CoreGraphics.framework; path = System/Library/Frameworks/CoreGraphics.framework; sourceTree = SDKROOT; };
		77A80B56166988C3003CD050 /* pull.io-Info.plist */ = {isa = PBXFileReference; lastKnownFileType = text.plist.xml; path = "pull.io-Info.plist"; sourceTree = "<group>"; };
		77A80B58166988C3003CD050 /* en */ = {isa = PBXFileReference; lastKnownFileType = text.plist.strings; name = en; path = en.lproj/InfoPlist.strings; sourceTree = "<group>"; };
		77A80B5A166988C3003CD050 /* main.m */ = {isa = PBXFileReference; lastKnownFileType = sourcecode.c.objc; path = main.m; sourceTree = "<group>"; };
		77A80B5C166988C3003CD050 /* pull.io-Prefix.pch */ = {isa = PBXFileReference; lastKnownFileType = sourcecode.c.h; path = "pull.io-Prefix.pch"; sourceTree = "<group>"; };
		77A80B5D166988C3003CD050 /* PIOAppDelegate.h */ = {isa = PBXFileReference; lastKnownFileType = sourcecode.c.h; path = PIOAppDelegate.h; sourceTree = "<group>"; };
		77A80B5E166988C3003CD050 /* PIOAppDelegate.m */ = {isa = PBXFileReference; lastKnownFileType = sourcecode.c.objc; path = PIOAppDelegate.m; sourceTree = "<group>"; };
		77A80B60166988C3003CD050 /* Default.png */ = {isa = PBXFileReference; lastKnownFileType = image.png; path = Default.png; sourceTree = "<group>"; };
		77A80B62166988C3003CD050 /* Default@2x.png */ = {isa = PBXFileReference; lastKnownFileType = image.png; path = "Default@2x.png"; sourceTree = "<group>"; };
		77A80B64166988C3003CD050 /* Default-568h@2x.png */ = {isa = PBXFileReference; lastKnownFileType = image.png; path = "Default-568h@2x.png"; sourceTree = "<group>"; };
		77A80B6B166988C3003CD050 /* pull.ioTests.octest */ = {isa = PBXFileReference; explicitFileType = wrapper.cfbundle; includeInIndex = 0; path = pull.ioTests.octest; sourceTree = BUILT_PRODUCTS_DIR; };
		77A80B6C166988C3003CD050 /* SenTestingKit.framework */ = {isa = PBXFileReference; lastKnownFileType = wrapper.framework; name = SenTestingKit.framework; path = Library/Frameworks/SenTestingKit.framework; sourceTree = DEVELOPER_DIR; };
		77A80B74166988C3003CD050 /* pull.ioTests-Info.plist */ = {isa = PBXFileReference; lastKnownFileType = text.plist.xml; path = "pull.ioTests-Info.plist"; sourceTree = "<group>"; };
		77A80B76166988C3003CD050 /* en */ = {isa = PBXFileReference; lastKnownFileType = text.plist.strings; name = en; path = en.lproj/InfoPlist.strings; sourceTree = "<group>"; };
		77A80B78166988C3003CD050 /* pull_ioTests.h */ = {isa = PBXFileReference; lastKnownFileType = sourcecode.c.h; path = pull_ioTests.h; sourceTree = "<group>"; };
		77A80B79166988C3003CD050 /* pull_ioTests.m */ = {isa = PBXFileReference; lastKnownFileType = sourcecode.c.objc; path = pull_ioTests.m; sourceTree = "<group>"; };
		77A80B98166A2625003CD050 /* PIOPutIOAPI2Client.h */ = {isa = PBXFileReference; fileEncoding = 4; lastKnownFileType = sourcecode.c.h; name = PIOPutIOAPI2Client.h; path = API/put.io/PIOPutIOAPI2Client.h; sourceTree = "<group>"; };
		77A80B99166A2625003CD050 /* PIOPutIOAPI2Client.m */ = {isa = PBXFileReference; fileEncoding = 4; lastKnownFileType = sourcecode.c.objc; name = PIOPutIOAPI2Client.m; path = API/put.io/PIOPutIOAPI2Client.m; sourceTree = "<group>"; };
		77A80BAB166C1D8E003CD050 /* PIOModel.xcdatamodel */ = {isa = PBXFileReference; lastKnownFileType = wrapper.xcdatamodel; path = PIOModel.xcdatamodel; sourceTree = "<group>"; };
		77A8607016A0BE84007185E9 /* PIOMediaCell~ipad.xib */ = {isa = PBXFileReference; fileEncoding = 4; lastKnownFileType = file.xib; name = "PIOMediaCell~ipad.xib"; path = "ViewControllers/PIOMediaCell~ipad.xib"; sourceTree = "<group>"; };
		77A8607216A0C704007185E9 /* case.png */ = {isa = PBXFileReference; lastKnownFileType = image.png; path = case.png; sourceTree = "<group>"; };
		77A8607316A0C704007185E9 /* case@2x.png */ = {isa = PBXFileReference; lastKnownFileType = image.png; path = "case@2x.png"; sourceTree = "<group>"; };
		77A8607416A0C704007185E9 /* case~ipad.png */ = {isa = PBXFileReference; lastKnownFileType = image.png; path = "case~ipad.png"; sourceTree = "<group>"; };
		77A8607516A0C704007185E9 /* case~ipad@2x.png */ = {isa = PBXFileReference; lastKnownFileType = image.png; path = "case~ipad@2x.png"; sourceTree = "<group>"; };
		77BF8C9916924C0B0072069D /* NSString+PIOExtensions.h */ = {isa = PBXFileReference; fileEncoding = 4; lastKnownFileType = sourcecode.c.h; name = "NSString+PIOExtensions.h"; path = "Extensions/NSString+PIOExtensions.h"; sourceTree = "<group>"; };
		77BF8C9A16924C0B0072069D /* NSString+PIOExtensions.m */ = {isa = PBXFileReference; fileEncoding = 4; lastKnownFileType = sourcecode.c.objc; name = "NSString+PIOExtensions.m"; path = "Extensions/NSString+PIOExtensions.m"; sourceTree = "<group>"; };
		77E3A53E171C98CF006323F9 /* AVFoundation.framework */ = {isa = PBXFileReference; lastKnownFileType = wrapper.framework; name = AVFoundation.framework; path = System/Library/Frameworks/AVFoundation.framework; sourceTree = SDKROOT; };
		77E54AEF1691292B000654D5 /* Icon.png */ = {isa = PBXFileReference; lastKnownFileType = image.png; path = Icon.png; sourceTree = "<group>"; };
		77E54AF01691292B000654D5 /* Icon@2x.png */ = {isa = PBXFileReference; lastKnownFileType = image.png; path = "Icon@2x.png"; sourceTree = "<group>"; };
		77E54AF11691292B000654D5 /* Icon~ipad.png */ = {isa = PBXFileReference; lastKnownFileType = image.png; path = "Icon~ipad.png"; sourceTree = "<group>"; };
		77E54AF21691292B000654D5 /* Icon~ipad@2x.png */ = {isa = PBXFileReference; lastKnownFileType = image.png; path = "Icon~ipad@2x.png"; sourceTree = "<group>"; };
		77E54B0116912FD3000654D5 /* PIOVideoPlayerViewController.h */ = {isa = PBXFileReference; fileEncoding = 4; lastKnownFileType = sourcecode.c.h; name = PIOVideoPlayerViewController.h; path = ViewControllers/PIOVideoPlayerViewController.h; sourceTree = "<group>"; };
		77E54B0216912FD3000654D5 /* PIOVideoPlayerViewController.m */ = {isa = PBXFileReference; fileEncoding = 4; lastKnownFileType = sourcecode.c.objc; name = PIOVideoPlayerViewController.m; path = ViewControllers/PIOVideoPlayerViewController.m; sourceTree = "<group>"; };
		77E54B0A169134FC000654D5 /* PutIOFile.h */ = {isa = PBXFileReference; fileEncoding = 4; lastKnownFileType = sourcecode.c.h; name = PutIOFile.h; path = Data/NSManagedObject/PutIOFile.h; sourceTree = "<group>"; };
		77E54B0B169134FC000654D5 /* PutIOFile.m */ = {isa = PBXFileReference; fileEncoding = 4; lastKnownFileType = sourcecode.c.objc; name = PutIOFile.m; path = Data/NSManagedObject/PutIOFile.m; sourceTree = "<group>"; };
		77E54B10169134FC000654D5 /* Movie.h */ = {isa = PBXFileReference; fileEncoding = 4; lastKnownFileType = sourcecode.c.h; name = Movie.h; path = Data/NSManagedObject/Movie.h; sourceTree = "<group>"; };
		77E54B11169134FC000654D5 /* Movie.m */ = {isa = PBXFileReference; fileEncoding = 4; lastKnownFileType = sourcecode.c.objc; name = Movie.m; path = Data/NSManagedObject/Movie.m; sourceTree = "<group>"; };
		77E54B13169134FC000654D5 /* Show.h */ = {isa = PBXFileReference; fileEncoding = 4; lastKnownFileType = sourcecode.c.h; name = Show.h; path = Data/NSManagedObject/Show.h; sourceTree = "<group>"; };
		77E54B14169134FC000654D5 /* Show.m */ = {isa = PBXFileReference; fileEncoding = 4; lastKnownFileType = sourcecode.c.objc; name = Show.m; path = Data/NSManagedObject/Show.m; sourceTree = "<group>"; };
		77E696AB16AB2E53009576BA /* Episode.h */ = {isa = PBXFileReference; fileEncoding = 4; lastKnownFileType = sourcecode.c.h; name = Episode.h; path = Data/NSManagedObject/Episode.h; sourceTree = "<group>"; };
		77E696AC16AB2E53009576BA /* Episode.m */ = {isa = PBXFileReference; fileEncoding = 4; lastKnownFileType = sourcecode.c.objc; name = Episode.m; path = Data/NSManagedObject/Episode.m; sourceTree = "<group>"; };
		77FD3829166C1EAA00152690 /* PIOTraktAPIClient.h */ = {isa = PBXFileReference; fileEncoding = 4; lastKnownFileType = sourcecode.c.h; name = PIOTraktAPIClient.h; path = API/trakt/PIOTraktAPIClient.h; sourceTree = "<group>"; };
		77FD382A166C1EAA00152690 /* PIOTraktAPIClient.m */ = {isa = PBXFileReference; fileEncoding = 4; lastKnownFileType = sourcecode.c.objc; name = PIOTraktAPIClient.m; path = API/trakt/PIOTraktAPIClient.m; sourceTree = "<group>"; };
		A04DB9BE92E745B682DE0801 /* Pods.xcconfig */ = {isa = PBXFileReference; includeInIndex = 1; lastKnownFileType = text.xcconfig; name = Pods.xcconfig; path = Pods/Pods.xcconfig; sourceTree = SOURCE_ROOT; };
/* End PBXFileReference section */

/* Begin PBXFrameworksBuildPhase section */
		77A80B47166988C3003CD050 /* Frameworks */ = {
			isa = PBXFrameworksBuildPhase;
			buildActionMask = 2147483647;
			files = (
				77E3A53F171C98CF006323F9 /* AVFoundation.framework in Frameworks */,
				77A80B4F166988C3003CD050 /* UIKit.framework in Frameworks */,
				77A80B51166988C3003CD050 /* Foundation.framework in Frameworks */,
				77A80B53166988C3003CD050 /* CoreGraphics.framework in Frameworks */,
				771CF189167DE19300AF348C /* MediaPlayer.framework in Frameworks */,
				71A9872C9AE040CA8F744608 /* libPods.a in Frameworks */,
			);
			runOnlyForDeploymentPostprocessing = 0;
		};
		77A80B67166988C3003CD050 /* Frameworks */ = {
			isa = PBXFrameworksBuildPhase;
			buildActionMask = 2147483647;
			files = (
				77A80B6D166988C3003CD050 /* SenTestingKit.framework in Frameworks */,
				77A80B6E166988C3003CD050 /* UIKit.framework in Frameworks */,
				77A80B6F166988C3003CD050 /* Foundation.framework in Frameworks */,
			);
			runOnlyForDeploymentPostprocessing = 0;
		};
/* End PBXFrameworksBuildPhase section */

/* Begin PBXGroup section */
		770F499F167D45FF008CADCD /* NSManagedObject */ = {
			isa = PBXGroup;
			children = (
				77E696AB16AB2E53009576BA /* Episode.h */,
				77E696AC16AB2E53009576BA /* Episode.m */,
				77019D4416A248B000DC5B7C /* Video.h */,
				77019D4516A248B000DC5B7C /* Video.m */,
				77019D4116A246C600DC5B7C /* File.h */,
				77019D4216A246C600DC5B7C /* File.m */,
				77E54B13169134FC000654D5 /* Show.h */,
				77E54B14169134FC000654D5 /* Show.m */,
				77E54B10169134FC000654D5 /* Movie.h */,
				77E54B11169134FC000654D5 /* Movie.m */,
				77E54B0A169134FC000654D5 /* PutIOFile.h */,
				77E54B0B169134FC000654D5 /* PutIOFile.m */,
			);
			name = NSManagedObject;
			sourceTree = "<group>";
		};
		771CF17D167DDA7100AF348C /* NSManagedObjectExtensions */ = {
			isa = PBXGroup;
			children = (
				771CF17F167DDA9800AF348C /* Show+PIOExtension.h */,
				771CF180167DDA9800AF348C /* Show+PIOExtension.m */,
				771CF182167DDBA900AF348C /* Episode+PIOExtensions.h */,
				771CF183167DDBA900AF348C /* Episode+PIOExtensions.m */,
			);
			name = NSManagedObjectExtensions;
			sourceTree = "<group>";
		};
		7795B408167DD82800AFF76C /* ViewControllers */ = {
			isa = PBXGroup;
			children = (
				7795B404167DD82300AFF76C /* PIOMediaListViewController.h */,
				7795B405167DD82300AFF76C /* PIOMediaListViewController.m */,
				77E54B0116912FD3000654D5 /* PIOVideoPlayerViewController.h */,
				77E54B0216912FD3000654D5 /* PIOVideoPlayerViewController.m */,
				771CF185167DDE0300AF348C /* PIOEpisodeListViewController.h */,
				771CF186167DDE0300AF348C /* PIOEpisodeListViewController.m */,
				7776BE1C1682747600A5769F /* PIOMediaCell.h */,
				7776BE1D1682747600A5769F /* PIOMediaCell.m */,
				7776BE1F1682748B00A5769F /* PIOMediaCell.xib */,
				77A8607016A0BE84007185E9 /* PIOMediaCell~ipad.xib */,
			);
			name = ViewControllers;
			sourceTree = "<group>";
		};
		77A73EB3167E3A4B00FA7680 /* TheTVDB */ = {
			isa = PBXGroup;
			children = (
				77A73EAF167E3A4800FA7680 /* PIOTheTVDBAPIClient.h */,
				77A73EB0167E3A4800FA7680 /* PIOTheTVDBAPIClient.m */,
			);
			name = TheTVDB;
			sourceTree = "<group>";
		};
		77A80B3F166988C3003CD050 = {
			isa = PBXGroup;
			children = (
				77E3A53E171C98CF006323F9 /* AVFoundation.framework */,
				77A80B54166988C3003CD050 /* pull.io */,
				77A80B72166988C3003CD050 /* pull.ioTests */,
				77A80B4D166988C3003CD050 /* Frameworks */,
				77A80B4B166988C3003CD050 /* Products */,
				A04DB9BE92E745B682DE0801 /* Pods.xcconfig */,
			);
			sourceTree = "<group>";
		};
		77A80B4B166988C3003CD050 /* Products */ = {
			isa = PBXGroup;
			children = (
				77A80B4A166988C3003CD050 /* pull.io.app */,
				77A80B6B166988C3003CD050 /* pull.ioTests.octest */,
			);
			name = Products;
			sourceTree = "<group>";
		};
		77A80B4D166988C3003CD050 /* Frameworks */ = {
			isa = PBXGroup;
			children = (
				771CF188167DE19300AF348C /* MediaPlayer.framework */,
				77A80B4E166988C3003CD050 /* UIKit.framework */,
				77A80B50166988C3003CD050 /* Foundation.framework */,
				77A80B52166988C3003CD050 /* CoreGraphics.framework */,
				77A80B6C166988C3003CD050 /* SenTestingKit.framework */,
				5BA32D63AAAE4BFC886211ED /* libPods.a */,
			);
			name = Frameworks;
			sourceTree = "<group>";
		};
		77A80B54166988C3003CD050 /* pull.io */ = {
			isa = PBXGroup;
			children = (
				77BF8C9C16924C100072069D /* Extensions */,
				77A80B5D166988C3003CD050 /* PIOAppDelegate.h */,
				77A80B5E166988C3003CD050 /* PIOAppDelegate.m */,
				7795B408167DD82800AFF76C /* ViewControllers */,
				77A80B55166988C3003CD050 /* Supporting Files */,
				77E54AF816912939000654D5 /* Resources */,
				77A80B9C166A2629003CD050 /* API */,
				77A80BAD166C1D93003CD050 /* Data */,
				770F49A0167D4A41008CADCD /* PIOShowFilenameMatcher.h */,
				770F49A1167D4A41008CADCD /* PIOShowFilenameMatcher.m */,
				77A73EC2167FA72E00FA7680 /* PIOFileManager.h */,
				77A73EC3167FA72E00FA7680 /* PIOFileManager.m */,
			);
			path = pull.io;
			sourceTree = "<group>";
		};
		77A80B55166988C3003CD050 /* Supporting Files */ = {
			isa = PBXGroup;
			children = (
				770205231683BD5F00FC828F /* Localizable.strings */,
				77A80B56166988C3003CD050 /* pull.io-Info.plist */,
				77A80B57166988C3003CD050 /* InfoPlist.strings */,
				77A80B5A166988C3003CD050 /* main.m */,
				77A80B5C166988C3003CD050 /* pull.io-Prefix.pch */,
			);
			name = "Supporting Files";
			sourceTree = "<group>";
		};
		77A80B72166988C3003CD050 /* pull.ioTests */ = {
			isa = PBXGroup;
			children = (
				77A80B78166988C3003CD050 /* pull_ioTests.h */,
				77A80B79166988C3003CD050 /* pull_ioTests.m */,
				770F49A3167D52BA008CADCD /* PIOShowFilenameMatcherTests.h */,
				770F49A4167D52BA008CADCD /* PIOShowFilenameMatcherTests.m */,
				77A80B73166988C3003CD050 /* Supporting Files */,
			);
			path = pull.ioTests;
			sourceTree = "<group>";
		};
		77A80B73166988C3003CD050 /* Supporting Files */ = {
			isa = PBXGroup;
			children = (
				77A80B74166988C3003CD050 /* pull.ioTests-Info.plist */,
				77A80B75166988C3003CD050 /* InfoPlist.strings */,
			);
			name = "Supporting Files";
			sourceTree = "<group>";
		};
		77A80B9C166A2629003CD050 /* API */ = {
			isa = PBXGroup;
			children = (
				77A80B9D166A262E003CD050 /* put.io */,
				77A73EB3167E3A4B00FA7680 /* TheTVDB */,
				77FD382D166C1EB200152690 /* Trakt */,
			);
			name = API;
			sourceTree = "<group>";
		};
		77A80B9D166A262E003CD050 /* put.io */ = {
			isa = PBXGroup;
			children = (
				77A80B98166A2625003CD050 /* PIOPutIOAPI2Client.h */,
				77A80B99166A2625003CD050 /* PIOPutIOAPI2Client.m */,
			);
			name = put.io;
			sourceTree = "<group>";
		};
		77A80BAD166C1D93003CD050 /* Data */ = {
			isa = PBXGroup;
			children = (
				77A80BAA166C1D8E003CD050 /* PIOModel.xcdatamodeld */,
				770F499F167D45FF008CADCD /* NSManagedObject */,
				771CF17D167DDA7100AF348C /* NSManagedObjectExtensions */,
			);
			name = Data;
			sourceTree = "<group>";
		};
		77A8606616A0BAA3007185E9 /* Images */ = {
			isa = PBXGroup;
			children = (
				77A8606F16A0BAB1007185E9 /* Case */,
			);
			name = Images;
			path = Resources/Images;
			sourceTree = "<group>";
		};
		77A8606F16A0BAB1007185E9 /* Case */ = {
			isa = PBXGroup;
			children = (
				7764B5971735EDF300A924D3 /* new_banner.png */,
				7764B5981735EDF300A924D3 /* new_banner@2x.png */,
				77A8607216A0C704007185E9 /* case.png */,
				77A8607316A0C704007185E9 /* case@2x.png */,
				77A8607416A0C704007185E9 /* case~ipad.png */,
				77A8607516A0C704007185E9 /* case~ipad@2x.png */,
			);
			name = Case;
			sourceTree = "<group>";
		};
		77BF8C9C16924C100072069D /* Extensions */ = {
			isa = PBXGroup;
			children = (
				77BF8C9916924C0B0072069D /* NSString+PIOExtensions.h */,
				77BF8C9A16924C0B0072069D /* NSString+PIOExtensions.m */,
			);
			name = Extensions;
			sourceTree = "<group>";
		};
		77E54AEE1691292B000654D5 /* Icons */ = {
			isa = PBXGroup;
			children = (
				77E54AEF1691292B000654D5 /* Icon.png */,
				77E54AF01691292B000654D5 /* Icon@2x.png */,
				77E54AF11691292B000654D5 /* Icon~ipad.png */,
				77E54AF21691292B000654D5 /* Icon~ipad@2x.png */,
			);
			name = Icons;
			path = Resources/Icons;
			sourceTree = "<group>";
		};
		77E54AF716912932000654D5 /* Launch Images */ = {
			isa = PBXGroup;
			children = (
				77A80B60166988C3003CD050 /* Default.png */,
				77A80B62166988C3003CD050 /* Default@2x.png */,
				77A80B64166988C3003CD050 /* Default-568h@2x.png */,
			);
			name = "Launch Images";
			sourceTree = "<group>";
		};
		77E54AF816912939000654D5 /* Resources */ = {
			isa = PBXGroup;
			children = (
				77A8606616A0BAA3007185E9 /* Images */,
				77E54AF716912932000654D5 /* Launch Images */,
				77E54AEE1691292B000654D5 /* Icons */,
			);
			name = Resources;
			sourceTree = "<group>";
		};
		77FD382D166C1EB200152690 /* Trakt */ = {
			isa = PBXGroup;
			children = (
				77FD3829166C1EAA00152690 /* PIOTraktAPIClient.h */,
				77FD382A166C1EAA00152690 /* PIOTraktAPIClient.m */,
			);
			name = Trakt;
			sourceTree = "<group>";
		};
/* End PBXGroup section */

/* Begin PBXNativeTarget section */
		77A80B49166988C3003CD050 /* pull.io */ = {
			isa = PBXNativeTarget;
			buildConfigurationList = 77A80B7D166988C3003CD050 /* Build configuration list for PBXNativeTarget "pull.io" */;
			buildPhases = (
				77A80B46166988C3003CD050 /* Sources */,
				77A80B47166988C3003CD050 /* Frameworks */,
				7703CDC6167E04040089EA1B /* ShellScript */,
				77A80B48166988C3003CD050 /* Resources */,
				EC0E85A0A46444D7921C80FF /* Copy Pods Resources */,
			);
			buildRules = (
			);
			dependencies = (
			);
			name = pull.io;
			productName = pull.io;
			productReference = 77A80B4A166988C3003CD050 /* pull.io.app */;
			productType = "com.apple.product-type.application";
		};
		77A80B6A166988C3003CD050 /* pull.ioTests */ = {
			isa = PBXNativeTarget;
			buildConfigurationList = 77A80B80166988C3003CD050 /* Build configuration list for PBXNativeTarget "pull.ioTests" */;
			buildPhases = (
				77A80B66166988C3003CD050 /* Sources */,
				77A80B67166988C3003CD050 /* Frameworks */,
				77A80B68166988C3003CD050 /* Resources */,
				77A80B69166988C3003CD050 /* ShellScript */,
			);
			buildRules = (
			);
			dependencies = (
				77A80B71166988C3003CD050 /* PBXTargetDependency */,
			);
			name = pull.ioTests;
			productName = pull.ioTests;
			productReference = 77A80B6B166988C3003CD050 /* pull.ioTests.octest */;
			productType = "com.apple.product-type.bundle";
		};
/* End PBXNativeTarget section */

/* Begin PBXProject section */
		77A80B41166988C3003CD050 /* Project object */ = {
			isa = PBXProject;
			attributes = {
				CLASSPREFIX = PIO;
				LastUpgradeCheck = 0450;
				ORGANIZATIONNAME = "Kyle Fuller";
			};
			buildConfigurationList = 77A80B44166988C3003CD050 /* Build configuration list for PBXProject "pull.io" */;
			compatibilityVersion = "Xcode 3.2";
			developmentRegion = English;
			hasScannedForEncodings = 0;
			knownRegions = (
				en,
			);
			mainGroup = 77A80B3F166988C3003CD050;
			productRefGroup = 77A80B4B166988C3003CD050 /* Products */;
			projectDirPath = "";
			projectRoot = "";
			targets = (
				77A80B49166988C3003CD050 /* pull.io */,
				77A80B6A166988C3003CD050 /* pull.ioTests */,
			);
		};
/* End PBXProject section */

/* Begin PBXResourcesBuildPhase section */
		77A80B48166988C3003CD050 /* Resources */ = {
			isa = PBXResourcesBuildPhase;
			buildActionMask = 2147483647;
			files = (
				77A80B59166988C3003CD050 /* InfoPlist.strings in Resources */,
				77A80B61166988C3003CD050 /* Default.png in Resources */,
				77A80B63166988C3003CD050 /* Default@2x.png in Resources */,
				77A80B65166988C3003CD050 /* Default-568h@2x.png in Resources */,
				7776BE201682748B00A5769F /* PIOMediaCell.xib in Resources */,
				770205261683BD5F00FC828F /* Localizable.strings in Resources */,
				77E54AF31691292B000654D5 /* Icon.png in Resources */,
				77E54AF41691292B000654D5 /* Icon@2x.png in Resources */,
				77E54AF51691292B000654D5 /* Icon~ipad.png in Resources */,
				77E54AF61691292B000654D5 /* Icon~ipad@2x.png in Resources */,
				77A8607116A0BE84007185E9 /* PIOMediaCell~ipad.xib in Resources */,
				77A8607616A0C704007185E9 /* case.png in Resources */,
				77A8607716A0C704007185E9 /* case@2x.png in Resources */,
				77A8607816A0C704007185E9 /* case~ipad.png in Resources */,
				77A8607916A0C704007185E9 /* case~ipad@2x.png in Resources */,
				7764B5991735EDF300A924D3 /* new_banner.png in Resources */,
				7764B59A1735EDF300A924D3 /* new_banner@2x.png in Resources */,
			);
			runOnlyForDeploymentPostprocessing = 0;
		};
		77A80B68166988C3003CD050 /* Resources */ = {
			isa = PBXResourcesBuildPhase;
			buildActionMask = 2147483647;
			files = (
				77A80B77166988C3003CD050 /* InfoPlist.strings in Resources */,
			);
			runOnlyForDeploymentPostprocessing = 0;
		};
/* End PBXResourcesBuildPhase section */

/* Begin PBXShellScriptBuildPhase section */
		7703CDC6167E04040089EA1B /* ShellScript */ = {
			isa = PBXShellScriptBuildPhase;
			buildActionMask = 2147483647;
			files = (
			);
			inputPaths = (
			);
			outputPaths = (
			);
			runOnlyForDeploymentPostprocessing = 0;
			shellPath = /bin/sh;
			shellScript = "GIT_RELEASE_VERSION=$(git describe --tags --always)\nCOMMITS=$(git rev-list HEAD | wc -l)\nCOMMITS=$(($COMMITS))\ndefaults write \"${BUILT_PRODUCTS_DIR}/${INFOPLIST_PATH%.*}\" \"CFBundleShortVersionString\" \"${GIT_RELEASE_VERSION#*v}\"\ndefaults write \"${BUILT_PRODUCTS_DIR}/${INFOPLIST_PATH%.*}\" \"CFBundleVersion\" \"${COMMITS}\"";
		};
		77A80B69166988C3003CD050 /* ShellScript */ = {
			isa = PBXShellScriptBuildPhase;
			buildActionMask = 2147483647;
			files = (
			);
			inputPaths = (
			);
			outputPaths = (
			);
			runOnlyForDeploymentPostprocessing = 0;
			shellPath = /bin/sh;
			shellScript = "# Run the unit tests in this test bundle.\n\"${SYSTEM_DEVELOPER_DIR}/Tools/RunUnitTests\"\n";
		};
		EC0E85A0A46444D7921C80FF /* Copy Pods Resources */ = {
			isa = PBXShellScriptBuildPhase;
			buildActionMask = 2147483647;
			files = (
			);
			inputPaths = (
			);
			name = "Copy Pods Resources";
			outputPaths = (
			);
			runOnlyForDeploymentPostprocessing = 0;
			shellPath = /bin/sh;
			shellScript = "\"${SRCROOT}/Pods/Pods-resources.sh\"\n";
		};
/* End PBXShellScriptBuildPhase section */

/* Begin PBXSourcesBuildPhase section */
		77A80B46166988C3003CD050 /* Sources */ = {
			isa = PBXSourcesBuildPhase;
			buildActionMask = 2147483647;
			files = (
				77A80B5B166988C3003CD050 /* main.m in Sources */,
				77A80B5F166988C3003CD050 /* PIOAppDelegate.m in Sources */,
				77A80B9A166A2625003CD050 /* PIOPutIOAPI2Client.m in Sources */,
				77A80BAC166C1D8E003CD050 /* PIOModel.xcdatamodeld in Sources */,
				77FD382B166C1EAA00152690 /* PIOTraktAPIClient.m in Sources */,
				770F49A2167D4A41008CADCD /* PIOShowFilenameMatcher.m in Sources */,
				7795B406167DD82300AFF76C /* PIOMediaListViewController.m in Sources */,
				771CF181167DDA9800AF348C /* Show+PIOExtension.m in Sources */,
				771CF184167DDBA900AF348C /* Episode+PIOExtensions.m in Sources */,
				771CF187167DDE0300AF348C /* PIOEpisodeListViewController.m in Sources */,
				77A73EB1167E3A4800FA7680 /* PIOTheTVDBAPIClient.m in Sources */,
				77A73EC4167FA72E00FA7680 /* PIOFileManager.m in Sources */,
				7776BE1E1682747600A5769F /* PIOMediaCell.m in Sources */,
				77E54B0316912FD3000654D5 /* PIOVideoPlayerViewController.m in Sources */,
				77E54B0C169134FC000654D5 /* PutIOFile.m in Sources */,
				77E54B12169134FC000654D5 /* Movie.m in Sources */,
				77E54B15169134FC000654D5 /* Show.m in Sources */,
				77BF8C9B16924C0B0072069D /* NSString+PIOExtensions.m in Sources */,
				77019D4316A246C600DC5B7C /* File.m in Sources */,
				77019D4616A248B000DC5B7C /* Video.m in Sources */,
				77E696AD16AB2E53009576BA /* Episode.m in Sources */,
			);
			runOnlyForDeploymentPostprocessing = 0;
		};
		77A80B66166988C3003CD050 /* Sources */ = {
			isa = PBXSourcesBuildPhase;
			buildActionMask = 2147483647;
			files = (
				77A80B7A166988C3003CD050 /* pull_ioTests.m in Sources */,
				770F49A5167D52BA008CADCD /* PIOShowFilenameMatcherTests.m in Sources */,
				770F49A6167D5435008CADCD /* PIOShowFilenameMatcher.m in Sources */,
			);
			runOnlyForDeploymentPostprocessing = 0;
		};
/* End PBXSourcesBuildPhase section */

/* Begin PBXTargetDependency section */
		77A80B71166988C3003CD050 /* PBXTargetDependency */ = {
			isa = PBXTargetDependency;
			target = 77A80B49166988C3003CD050 /* pull.io */;
			targetProxy = 77A80B70166988C3003CD050 /* PBXContainerItemProxy */;
		};
/* End PBXTargetDependency section */

/* Begin PBXVariantGroup section */
		770205231683BD5F00FC828F /* Localizable.strings */ = {
			isa = PBXVariantGroup;
			children = (
				770205241683BD5F00FC828F /* en */,
			);
			name = Localizable.strings;
			path = en.lproj;
			sourceTree = "<group>";
		};
		77A80B57166988C3003CD050 /* InfoPlist.strings */ = {
			isa = PBXVariantGroup;
			children = (
				77A80B58166988C3003CD050 /* en */,
			);
			name = InfoPlist.strings;
			sourceTree = "<group>";
		};
		77A80B75166988C3003CD050 /* InfoPlist.strings */ = {
			isa = PBXVariantGroup;
			children = (
				77A80B76166988C3003CD050 /* en */,
			);
			name = InfoPlist.strings;
			sourceTree = "<group>";
		};
/* End PBXVariantGroup section */

/* Begin XCBuildConfiguration section */
		77A80B7B166988C3003CD050 /* Debug */ = {
			isa = XCBuildConfiguration;
			buildSettings = {
				ALWAYS_SEARCH_USER_PATHS = NO;
				CLANG_CXX_LANGUAGE_STANDARD = "gnu++0x";
				CLANG_CXX_LIBRARY = "libc++";
				CLANG_ENABLE_OBJC_ARC = YES;
				CLANG_WARN_EMPTY_BODY = YES;
				CLANG_WARN__DUPLICATE_METHOD_MATCH = YES;
				"CODE_SIGN_IDENTITY[sdk=iphoneos*]" = "iPhone Developer";
				COPY_PHASE_STRIP = NO;
				GCC_C_LANGUAGE_STANDARD = gnu99;
				GCC_DYNAMIC_NO_PIC = NO;
				GCC_OPTIMIZATION_LEVEL = 0;
				GCC_PREPROCESSOR_DEFINITIONS = (
					"DEBUG=1",
					"$(inherited)",
				);
				GCC_SYMBOLS_PRIVATE_EXTERN = NO;
				GCC_WARN_ABOUT_RETURN_TYPE = YES;
				GCC_WARN_UNINITIALIZED_AUTOS = YES;
				GCC_WARN_UNUSED_VARIABLE = YES;
				IPHONEOS_DEPLOYMENT_TARGET = 6.0;
				ONLY_ACTIVE_ARCH = YES;
				SDKROOT = iphoneos;
				TARGETED_DEVICE_FAMILY = "1,2";
			};
			name = Debug;
		};
		77A80B7C166988C3003CD050 /* Release */ = {
			isa = XCBuildConfiguration;
			buildSettings = {
				ALWAYS_SEARCH_USER_PATHS = NO;
				CLANG_CXX_LANGUAGE_STANDARD = "gnu++0x";
				CLANG_CXX_LIBRARY = "libc++";
				CLANG_ENABLE_OBJC_ARC = YES;
				CLANG_WARN_EMPTY_BODY = YES;
				CLANG_WARN__DUPLICATE_METHOD_MATCH = YES;
				"CODE_SIGN_IDENTITY[sdk=iphoneos*]" = "iPhone Developer";
				COPY_PHASE_STRIP = YES;
				GCC_C_LANGUAGE_STANDARD = gnu99;
				GCC_WARN_ABOUT_RETURN_TYPE = YES;
				GCC_WARN_UNINITIALIZED_AUTOS = YES;
				GCC_WARN_UNUSED_VARIABLE = YES;
				IPHONEOS_DEPLOYMENT_TARGET = 6.0;
				OTHER_CFLAGS = "-DNS_BLOCK_ASSERTIONS=1";
				SDKROOT = iphoneos;
				TARGETED_DEVICE_FAMILY = "1,2";
				VALIDATE_PRODUCT = YES;
			};
			name = Release;
		};
		77A80B7E166988C3003CD050 /* Debug */ = {
			isa = XCBuildConfiguration;
			baseConfigurationReference = A04DB9BE92E745B682DE0801 /* Pods.xcconfig */;
			buildSettings = {
				GCC_PRECOMPILE_PREFIX_HEADER = YES;
				GCC_PREFIX_HEADER = "pull.io/pull.io-Prefix.pch";
				INFOPLIST_FILE = "pull.io/pull.io-Info.plist";
				PRODUCT_NAME = "$(TARGET_NAME)";
				WRAPPER_EXTENSION = app;
			};
			name = Debug;
		};
		77A80B7F166988C3003CD050 /* Release */ = {
			isa = XCBuildConfiguration;
			baseConfigurationReference = A04DB9BE92E745B682DE0801 /* Pods.xcconfig */;
			buildSettings = {
				GCC_PRECOMPILE_PREFIX_HEADER = YES;
				GCC_PREFIX_HEADER = "pull.io/pull.io-Prefix.pch";
				INFOPLIST_FILE = "pull.io/pull.io-Info.plist";
				PRODUCT_NAME = "$(TARGET_NAME)";
				WRAPPER_EXTENSION = app;
			};
			name = Release;
		};
		77A80B81166988C3003CD050 /* Debug */ = {
			isa = XCBuildConfiguration;
			buildSettings = {
				BUNDLE_LOADER = "$(BUILT_PRODUCTS_DIR)/pull.io.app/pull.io";
				FRAMEWORK_SEARCH_PATHS = (
					"\"$(SDKROOT)/Developer/Library/Frameworks\"",
					"\"$(DEVELOPER_LIBRARY_DIR)/Frameworks\"",
				);
				GCC_PRECOMPILE_PREFIX_HEADER = YES;
				GCC_PREFIX_HEADER = "pull.io/pull.io-Prefix.pch";
				INFOPLIST_FILE = "pull.ioTests/pull.ioTests-Info.plist";
				PRODUCT_NAME = "$(TARGET_NAME)";
				TEST_HOST = "$(BUNDLE_LOADER)";
				WRAPPER_EXTENSION = octest;
			};
			name = Debug;
		};
		77A80B82166988C3003CD050 /* Release */ = {
			isa = XCBuildConfiguration;
			buildSettings = {
				BUNDLE_LOADER = "$(BUILT_PRODUCTS_DIR)/pull.io.app/pull.io";
				FRAMEWORK_SEARCH_PATHS = (
					"\"$(SDKROOT)/Developer/Library/Frameworks\"",
					"\"$(DEVELOPER_LIBRARY_DIR)/Frameworks\"",
				);
				GCC_PRECOMPILE_PREFIX_HEADER = YES;
				GCC_PREFIX_HEADER = "pull.io/pull.io-Prefix.pch";
				INFOPLIST_FILE = "pull.ioTests/pull.ioTests-Info.plist";
				PRODUCT_NAME = "$(TARGET_NAME)";
				TEST_HOST = "$(BUNDLE_LOADER)";
				WRAPPER_EXTENSION = octest;
			};
			name = Release;
		};
		77EC1C59167E186300E016E4 /* AdHoc */ = {
			isa = XCBuildConfiguration;
			buildSettings = {
				ALWAYS_SEARCH_USER_PATHS = NO;
				CLANG_CXX_LANGUAGE_STANDARD = "gnu++0x";
				CLANG_CXX_LIBRARY = "libc++";
				CLANG_ENABLE_OBJC_ARC = YES;
				CLANG_WARN_EMPTY_BODY = YES;
				CLANG_WARN__DUPLICATE_METHOD_MATCH = YES;
				"CODE_SIGN_IDENTITY[sdk=iphoneos*]" = "iPhone Distribution: Mentally Friendly LDN Ltd";
				COPY_PHASE_STRIP = YES;
				GCC_C_LANGUAGE_STANDARD = gnu99;
				GCC_PREPROCESSOR_DEFINITIONS = (
					"TESTFLIGHT=1",
					"ADHOC=1",
				);
				GCC_WARN_ABOUT_RETURN_TYPE = YES;
				GCC_WARN_UNINITIALIZED_AUTOS = YES;
				GCC_WARN_UNUSED_VARIABLE = YES;
				IPHONEOS_DEPLOYMENT_TARGET = 6.0;
				OTHER_CFLAGS = "-DNS_BLOCK_ASSERTIONS=1";
				"PROVISIONING_PROFILE[sdk=iphoneos*]" = "D8D95BF3-879D-4513-8368-0EC07315D9E5";
				SDKROOT = iphoneos;
				TARGETED_DEVICE_FAMILY = "1,2";
				VALIDATE_PRODUCT = YES;
			};
			name = AdHoc;
		};
		77EC1C5A167E186300E016E4 /* AdHoc */ = {
			isa = XCBuildConfiguration;
			baseConfigurationReference = A04DB9BE92E745B682DE0801 /* Pods.xcconfig */;
			buildSettings = {
				GCC_PRECOMPILE_PREFIX_HEADER = YES;
				GCC_PREFIX_HEADER = "pull.io/pull.io-Prefix.pch";
				INFOPLIST_FILE = "pull.io/pull.io-Info.plist";
				PRODUCT_NAME = "$(TARGET_NAME)";
				WRAPPER_EXTENSION = app;
			};
			name = AdHoc;
		};
		77EC1C5B167E186300E016E4 /* AdHoc */ = {
			isa = XCBuildConfiguration;
			buildSettings = {
				BUNDLE_LOADER = "$(BUILT_PRODUCTS_DIR)/pull.io.app/pull.io";
				FRAMEWORK_SEARCH_PATHS = (
					"\"$(SDKROOT)/Developer/Library/Frameworks\"",
					"\"$(DEVELOPER_LIBRARY_DIR)/Frameworks\"",
				);
				GCC_PRECOMPILE_PREFIX_HEADER = YES;
				GCC_PREFIX_HEADER = "pull.io/pull.io-Prefix.pch";
				INFOPLIST_FILE = "pull.ioTests/pull.ioTests-Info.plist";
				PRODUCT_NAME = "$(TARGET_NAME)";
				TEST_HOST = "$(BUNDLE_LOADER)";
				WRAPPER_EXTENSION = octest;
			};
			name = AdHoc;
		};
/* End XCBuildConfiguration section */

/* Begin XCConfigurationList section */
		77A80B44166988C3003CD050 /* Build configuration list for PBXProject "pull.io" */ = {
			isa = XCConfigurationList;
			buildConfigurations = (
				77A80B7B166988C3003CD050 /* Debug */,
				77A80B7C166988C3003CD050 /* Release */,
				77EC1C59167E186300E016E4 /* AdHoc */,
			);
			defaultConfigurationIsVisible = 0;
			defaultConfigurationName = Release;
		};
		77A80B7D166988C3003CD050 /* Build configuration list for PBXNativeTarget "pull.io" */ = {
			isa = XCConfigurationList;
			buildConfigurations = (
				77A80B7E166988C3003CD050 /* Debug */,
				77A80B7F166988C3003CD050 /* Release */,
				77EC1C5A167E186300E016E4 /* AdHoc */,
			);
			defaultConfigurationIsVisible = 0;
			defaultConfigurationName = Release;
		};
		77A80B80166988C3003CD050 /* Build configuration list for PBXNativeTarget "pull.ioTests" */ = {
			isa = XCConfigurationList;
			buildConfigurations = (
				77A80B81166988C3003CD050 /* Debug */,
				77A80B82166988C3003CD050 /* Release */,
				77EC1C5B167E186300E016E4 /* AdHoc */,
			);
			defaultConfigurationIsVisible = 0;
			defaultConfigurationName = Release;
		};
/* End XCConfigurationList section */

/* Begin XCVersionGroup section */
		77A80BAA166C1D8E003CD050 /* PIOModel.xcdatamodeld */ = {
			isa = XCVersionGroup;
			children = (
				77A80BAB166C1D8E003CD050 /* PIOModel.xcdatamodel */,
			);
			currentVersion = 77A80BAB166C1D8E003CD050 /* PIOModel.xcdatamodel */;
			name = PIOModel.xcdatamodeld;
			path = Data/PIOModel.xcdatamodeld;
			sourceTree = "<group>";
			versionGroupType = wrapper.xcdatamodel;
		};
/* End XCVersionGroup section */
	};
	rootObject = 77A80B41166988C3003CD050 /* Project object */;
}
